
Microsoft Visual Studio Solution File, Format Version 11.00
# Visual Basic Express 2010
Project("{F184B08F-C81C-45F6-A57F-5ABD9991F28F}") = "cinject gui", "cinject gui\cinject gui.vbproj", "{FE922F9D-253D-4A4B-8242-29E7EB387F03}"
EndProject
Global
	GlobalSection(SolutionConfigurationPlatforms) = preSolution
		Debug|x86 = Debug|x86
		Release|x86 = Release|x86
	EndGlobalSection
	GlobalSection(ProjectConfigurationPlatforms) = postSolution
		{FE922F9D-253D-4A4B-8242-29E7EB387F03}.Debug|x86.ActiveCfg = Debug|x86
		{FE922F9D-253D-4A4B-8242-29E7EB387F03}.Debug|x86.Build.0 = Debug|x86
		{FE922F9D-253D-4A4B-8242-29E7EB387F03}.Release|x86.ActiveCfg = Release|x86
		{FE922F9D-253D-4A4B-8242-29E7EB387F03}.Release|x86.Build.0 = Release|x86
	EndGlobalSection
	GlobalSection(SolutionProperties) = preSolution
		HideSolutionNode = FALSE
	EndGlobalSection
EndGlobal
